Microsoft Visual Studio Solution File, Format Version 12.00
# Visual Studio Version 17
VisualStudioVersion = 17.5.2.0
MinimumVisualStudioVersion = 10.0.40219.1
Project("{FAE04EC0-301F-11D3-BF4B-00C04F79EFBC}") = "ITAssetAPI", "ITAssetAPI.csproj", "{FF8CC811-75B8-3CB2-E507-92CE24EF3EB3}"
EndProject
Global
	GlobalSection(SolutionConfigurationPlatforms) = preSolution
		Debug|Any CPU = Debug|Any CPU
		Release|Any CPU = Release|Any CPU
	EndGlobalSection
	GlobalSection(ProjectConfigurationPlatforms) = postSolution
		{FF8CC811-75B8-3CB2-E507-92CE24EF3EB3}.Debug|Any CPU.ActiveCfg = Debug|Any CPU
		{FF8CC811-75B8-3CB2-E507-92CE24EF3EB3}.Debug|Any CPU.Build.0 = Debug|Any CPU
		{FF8CC811-75B8-3CB2-E507-92CE24EF3EB3}.Release|Any CPU.ActiveCfg = Release|Any CPU
		{FF8CC811-75B8-3CB2-E507-92CE24EF3EB3}.Release|Any CPU.Build.0 = Release|Any CPU
	EndGlobalSection
	GlobalSection(SolutionProperties) = preSolution
		HideSolutionNode = FALSE
	EndGlobalSection
	GlobalSection(ExtensibilityGlobals) = postSolution
		SolutionGuid = {8569717D-9B63-4E3B-845F-BA6F0F59E891}
	EndGlobalSection
EndGlobal
